
Microsoft Visual Studio Solution File, Format Version 12.00
# Visual Studio Version 16
VisualStudioVersion = 16.0.29102.190
MinimumVisualStudioVersion = 10.0.40219.1
Project("{FAE04EC0-301F-11D3-BF4B-00C04F79EFBC}") = "Estacionamento5B9X", "Estacionamento5B9X.csproj", "{8534FEA4-195B-42D1-AF99-11AE5BEAF32B}"
EndProject
Global
	GlobalSection(SolutionConfigurationPlatforms) = preSolution
		Debug|Any CPU = Debug|Any CPU
		Release|Any CPU = Release|Any CPU
	EndGlobalSection
	GlobalSection(ProjectConfigurationPlatforms) = postSolution
		{8534FEA4-195B-42D1-AF99-11AE5BEAF32B}.Debug|Any CPU.ActiveCfg = Debug|Any CPU
		{8534FEA4-195B-42D1-AF99-11AE5BEAF32B}.Debug|Any CPU.Build.0 = Debug|Any CPU
		{8534FEA4-195B-42D1-AF99-11AE5BEAF32B}.Release|Any CPU.ActiveCfg = Release|Any CPU
		{8534FEA4-195B-42D1-AF99-11AE5BEAF32B}.Release|Any CPU.Build.0 = Release|Any CPU
	EndGlobalSection
	GlobalSection(SolutionProperties) = preSolution
		HideSolutionNode = FALSE
	EndGlobalSection
	GlobalSection(ExtensibilityGlobals) = postSolution
		SolutionGuid = {F915CF17-E05A-4719-B27B-F570E92D8E58}
	EndGlobalSection
EndGlobal
