
Microsoft Visual Studio Solution File, Format Version 12.00
# Visual Studio Version 16
VisualStudioVersion = 16.0.29209.62
MinimumVisualStudioVersion = 10.0.40219.1
Project("{FAE04EC0-301F-11D3-BF4B-00C04F79EFBC}") = "WebApiRoute", "WebApiRoute.csproj", "{13141883-4E43-453C-82A8-D1C3B4F46D04}"
EndProject
Global
	GlobalSection(SolutionConfigurationPlatforms) = preSolution
		Debug|Any CPU = Debug|Any CPU
		Release|Any CPU = Release|Any CPU
	EndGlobalSection
	GlobalSection(ProjectConfigurationPlatforms) = postSolution
		{13141883-4E43-453C-82A8-D1C3B4F46D04}.Debug|Any CPU.ActiveCfg = Debug|Any CPU
		{13141883-4E43-453C-82A8-D1C3B4F46D04}.Debug|Any CPU.Build.0 = Debug|Any CPU
		{13141883-4E43-453C-82A8-D1C3B4F46D04}.Release|Any CPU.ActiveCfg = Release|Any CPU
		{13141883-4E43-453C-82A8-D1C3B4F46D04}.Release|Any CPU.Build.0 = Release|Any CPU
	EndGlobalSection
	GlobalSection(SolutionProperties) = preSolution
		HideSolutionNode = FALSE
	EndGlobalSection
	GlobalSection(ExtensibilityGlobals) = postSolution
		SolutionGuid = {B8851842-3568-4A6B-BA3E-D7FA344E96EC}
	EndGlobalSection
EndGlobal
