
Microsoft Visual Studio Solution File, Format Version 12.00
# Visual Studio Version 16
VisualStudioVersion = 16.0.29102.190
MinimumVisualStudioVersion = 10.0.40219.1
Project("{FAE04EC0-301F-11D3-BF4B-00C04F79EFBC}") = "TabelaDeVisualizacaoDeValores", "TabelaDeVisualizacaoDeValores.csproj", "{6B11ADF8-5F0A-4E75-9D80-367A616130D7}"
EndProject
Global
	GlobalSection(SolutionConfigurationPlatforms) = preSolution
		Debug|Any CPU = Debug|Any CPU
		Release|Any CPU = Release|Any CPU
	EndGlobalSection
	GlobalSection(ProjectConfigurationPlatforms) = postSolution
		{6B11ADF8-5F0A-4E75-9D80-367A616130D7}.Debug|Any CPU.ActiveCfg = Debug|Any CPU
		{6B11ADF8-5F0A-4E75-9D80-367A616130D7}.Debug|Any CPU.Build.0 = Debug|Any CPU
		{6B11ADF8-5F0A-4E75-9D80-367A616130D7}.Release|Any CPU.ActiveCfg = Release|Any CPU
		{6B11ADF8-5F0A-4E75-9D80-367A616130D7}.Release|Any CPU.Build.0 = Release|Any CPU
	EndGlobalSection
	GlobalSection(SolutionProperties) = preSolution
		HideSolutionNode = FALSE
	EndGlobalSection
	GlobalSection(ExtensibilityGlobals) = postSolution
		SolutionGuid = {E70302FF-7A4F-4364-865A-DD6362FAA9F8}
	EndGlobalSection
EndGlobal
