
Microsoft Visual Studio Solution File, Format Version 12.00
# Visual Studio Version 16
VisualStudioVersion = 16.0.29020.237
MinimumVisualStudioVersion = 10.0.40219.1
Project("{FAE04EC0-301F-11D3-BF4B-00C04F79EFBC}") = "ListaBiDeManeiraSimples", "ListaBiDeManeiraSimples.csproj", "{5AB96D64-D1E2-49BB-A0D2-59AD86BE4D14}"
EndProject
Global
	GlobalSection(SolutionConfigurationPlatforms) = preSolution
		Debug|Any CPU = Debug|Any CPU
		Release|Any CPU = Release|Any CPU
	EndGlobalSection
	GlobalSection(ProjectConfigurationPlatforms) = postSolution
		{5AB96D64-D1E2-49BB-A0D2-59AD86BE4D14}.Debug|Any CPU.ActiveCfg = Debug|Any CPU
		{5AB96D64-D1E2-49BB-A0D2-59AD86BE4D14}.Debug|Any CPU.Build.0 = Debug|Any CPU
		{5AB96D64-D1E2-49BB-A0D2-59AD86BE4D14}.Release|Any CPU.ActiveCfg = Release|Any CPU
		{5AB96D64-D1E2-49BB-A0D2-59AD86BE4D14}.Release|Any CPU.Build.0 = Release|Any CPU
	EndGlobalSection
	GlobalSection(SolutionProperties) = preSolution
		HideSolutionNode = FALSE
	EndGlobalSection
	GlobalSection(ExtensibilityGlobals) = postSolution
		SolutionGuid = {996E49DE-C115-4C57-9624-AFB6983C9764}
	EndGlobalSection
EndGlobal
