
Microsoft Visual Studio Solution File, Format Version 12.00
# Visual Studio Version 16
VisualStudioVersion = 16.0.29102.190
MinimumVisualStudioVersion = 10.0.40219.1
Project("{FAE04EC0-301F-11D3-BF4B-00C04F79EFBC}") = "WpfAppEntity", "WpfAppEntity.csproj", "{76C22B16-8899-409A-9BDA-A6A2F8752642}"
EndProject
Global
	GlobalSection(SolutionConfigurationPlatforms) = preSolution
		Debug|Any CPU = Debug|Any CPU
		Release|Any CPU = Release|Any CPU
	EndGlobalSection
	GlobalSection(ProjectConfigurationPlatforms) = postSolution
		{76C22B16-8899-409A-9BDA-A6A2F8752642}.Debug|Any CPU.ActiveCfg = Debug|Any CPU
		{76C22B16-8899-409A-9BDA-A6A2F8752642}.Debug|Any CPU.Build.0 = Debug|Any CPU
		{76C22B16-8899-409A-9BDA-A6A2F8752642}.Release|Any CPU.ActiveCfg = Release|Any CPU
		{76C22B16-8899-409A-9BDA-A6A2F8752642}.Release|Any CPU.Build.0 = Release|Any CPU
	EndGlobalSection
	GlobalSection(SolutionProperties) = preSolution
		HideSolutionNode = FALSE
	EndGlobalSection
	GlobalSection(ExtensibilityGlobals) = postSolution
		SolutionGuid = {B50ECF77-90CE-4D98-AF38-2A5E3C43C75F}
	EndGlobalSection
EndGlobal
