
Microsoft Visual Studio Solution File, Format Version 12.00
# Visual Studio Version 16
VisualStudioVersion = 16.0.29102.190
MinimumVisualStudioVersion = 10.0.40219.1
Project("{FAE04EC0-301F-11D3-BF4B-00C04F79EFBC}") = "ListaBiSuperCompacta", "ListaBiSuperCompacta.csproj", "{D1C605D7-6F89-4C1F-B051-03F135A2C135}"
EndProject
Global
	GlobalSection(SolutionConfigurationPlatforms) = preSolution
		Debug|Any CPU = Debug|Any CPU
		Release|Any CPU = Release|Any CPU
	EndGlobalSection
	GlobalSection(ProjectConfigurationPlatforms) = postSolution
		{D1C605D7-6F89-4C1F-B051-03F135A2C135}.Debug|Any CPU.ActiveCfg = Debug|Any CPU
		{D1C605D7-6F89-4C1F-B051-03F135A2C135}.Debug|Any CPU.Build.0 = Debug|Any CPU
		{D1C605D7-6F89-4C1F-B051-03F135A2C135}.Release|Any CPU.ActiveCfg = Release|Any CPU
		{D1C605D7-6F89-4C1F-B051-03F135A2C135}.Release|Any CPU.Build.0 = Release|Any CPU
	EndGlobalSection
	GlobalSection(SolutionProperties) = preSolution
		HideSolutionNode = FALSE
	EndGlobalSection
	GlobalSection(ExtensibilityGlobals) = postSolution
		SolutionGuid = {12B0B75C-E70F-4FF6-A9FA-9B3AA7CDECE5}
	EndGlobalSection
EndGlobal
