
Microsoft Visual Studio Solution File, Format Version 12.00
# Visual Studio Version 16
VisualStudioVersion = 16.0.29102.190
MinimumVisualStudioVersion = 10.0.40219.1
Project("{FAE04EC0-301F-11D3-BF4B-00C04F79EFBC}") = "ListarMeusCarros", "ListarMeusCarros.csproj", "{FE7B9DA0-D7CC-4538-A399-C2A0527E81C5}"
EndProject
Global
	GlobalSection(SolutionConfigurationPlatforms) = preSolution
		Debug|Any CPU = Debug|Any CPU
		Release|Any CPU = Release|Any CPU
	EndGlobalSection
	GlobalSection(ProjectConfigurationPlatforms) = postSolution
		{FE7B9DA0-D7CC-4538-A399-C2A0527E81C5}.Debug|Any CPU.ActiveCfg = Debug|Any CPU
		{FE7B9DA0-D7CC-4538-A399-C2A0527E81C5}.Debug|Any CPU.Build.0 = Debug|Any CPU
		{FE7B9DA0-D7CC-4538-A399-C2A0527E81C5}.Release|Any CPU.ActiveCfg = Release|Any CPU
		{FE7B9DA0-D7CC-4538-A399-C2A0527E81C5}.Release|Any CPU.Build.0 = Release|Any CPU
	EndGlobalSection
	GlobalSection(SolutionProperties) = preSolution
		HideSolutionNode = FALSE
	EndGlobalSection
	GlobalSection(ExtensibilityGlobals) = postSolution
		SolutionGuid = {AAB71F87-D8D7-45D7-8327-FD0DDACAE4F5}
	EndGlobalSection
EndGlobal
