
Microsoft Visual Studio Solution File, Format Version 12.00
# Visual Studio Version 16
VisualStudioVersion = 16.0.29102.190
MinimumVisualStudioVersion = 10.0.40219.1
Project("{FAE04EC0-301F-11D3-BF4B-00C04F79EFBC}") = "MostrarJoinha", "MostrarJoinha.csproj", "{331D175E-DCDA-4507-A906-2D8C75AE5B31}"
EndProject
Project("{FAE04EC0-301F-11D3-BF4B-00C04F79EFBC}") = "UsandoBibliotecaJoinha", "..\UsandoBibliotecaJoinha\UsandoBibliotecaJoinha.csproj", "{B3282ED5-48DA-490C-AB86-7E1FB27F854F}"
EndProject
Global
	GlobalSection(SolutionConfigurationPlatforms) = preSolution
		Debug|Any CPU = Debug|Any CPU
		Release|Any CPU = Release|Any CPU
	EndGlobalSection
	GlobalSection(ProjectConfigurationPlatforms) = postSolution
		{331D175E-DCDA-4507-A906-2D8C75AE5B31}.Debug|Any CPU.ActiveCfg = Debug|Any CPU
		{331D175E-DCDA-4507-A906-2D8C75AE5B31}.Debug|Any CPU.Build.0 = Debug|Any CPU
		{331D175E-DCDA-4507-A906-2D8C75AE5B31}.Release|Any CPU.ActiveCfg = Release|Any CPU
		{331D175E-DCDA-4507-A906-2D8C75AE5B31}.Release|Any CPU.Build.0 = Release|Any CPU
		{B3282ED5-48DA-490C-AB86-7E1FB27F854F}.Debug|Any CPU.ActiveCfg = Debug|Any CPU
		{B3282ED5-48DA-490C-AB86-7E1FB27F854F}.Debug|Any CPU.Build.0 = Debug|Any CPU
		{B3282ED5-48DA-490C-AB86-7E1FB27F854F}.Release|Any CPU.ActiveCfg = Release|Any CPU
		{B3282ED5-48DA-490C-AB86-7E1FB27F854F}.Release|Any CPU.Build.0 = Release|Any CPU
	EndGlobalSection
	GlobalSection(SolutionProperties) = preSolution
		HideSolutionNode = FALSE
	EndGlobalSection
	GlobalSection(ExtensibilityGlobals) = postSolution
		SolutionGuid = {F9165CFC-BBFF-429B-A957-BB6C8ED09200}
	EndGlobalSection
EndGlobal
