
Microsoft Visual Studio Solution File, Format Version 12.00
# Visual Studio Version 16
VisualStudioVersion = 16.0.29102.190
MinimumVisualStudioVersion = 10.0.40219.1
Project("{FAE04EC0-301F-11D3-BF4B-00C04F79EFBC}") = "DataGridViewExample", "DataGridViewExample.csproj", "{14184C7D-AEA2-43FC-BC53-AE478A13AB5D}"
EndProject
Global
	GlobalSection(SolutionConfigurationPlatforms) = preSolution
		Debug|Any CPU = Debug|Any CPU
		Release|Any CPU = Release|Any CPU
	EndGlobalSection
	GlobalSection(ProjectConfigurationPlatforms) = postSolution
		{14184C7D-AEA2-43FC-BC53-AE478A13AB5D}.Debug|Any CPU.ActiveCfg = Debug|Any CPU
		{14184C7D-AEA2-43FC-BC53-AE478A13AB5D}.Debug|Any CPU.Build.0 = Debug|Any CPU
		{14184C7D-AEA2-43FC-BC53-AE478A13AB5D}.Release|Any CPU.ActiveCfg = Release|Any CPU
		{14184C7D-AEA2-43FC-BC53-AE478A13AB5D}.Release|Any CPU.Build.0 = Release|Any CPU
	EndGlobalSection
	GlobalSection(SolutionProperties) = preSolution
		HideSolutionNode = FALSE
	EndGlobalSection
	GlobalSection(ExtensibilityGlobals) = postSolution
		SolutionGuid = {75C718A0-C67A-4CCF-B11C-AFFA20334EA0}
	EndGlobalSection
EndGlobal
